
Microsoft Visual Studio Solution File, Format Version 12.00
# Visual Studio Version 16
VisualStudioVersion = 16.0.33130.400
MinimumVisualStudioVersion = 10.0.40219.1
Project("{FAE04EC0-301F-11D3-BF4B-00C04F79EFBC}") = "OOP_Assignment_7_1", "OOP_Assignment_7_1\OOP_Assignment_7_1.csproj", "{7120974B-32DA-4A13-B0F6-8EA0F3B223FB}"
EndProject
Global
	GlobalSection(SolutionConfigurationPlatforms) = preSolution
		Debug|Any CPU = Debug|Any CPU
		Release|Any CPU = Release|Any CPU
	EndGlobalSection
	GlobalSection(ProjectConfigurationPlatforms) = postSolution
		{7120974B-32DA-4A13-B0F6-8EA0F3B223FB}.Debug|Any CPU.ActiveCfg = Debug|Any CPU
		{7120974B-32DA-4A13-B0F6-8EA0F3B223FB}.Debug|Any CPU.Build.0 = Debug|Any CPU
		{7120974B-32DA-4A13-B0F6-8EA0F3B223FB}.Release|Any CPU.ActiveCfg = Release|Any CPU
		{7120974B-32DA-4A13-B0F6-8EA0F3B223FB}.Release|Any CPU.Build.0 = Release|Any CPU
	EndGlobalSection
	GlobalSection(SolutionProperties) = preSolution
		HideSolutionNode = FALSE
	EndGlobalSection
	GlobalSection(ExtensibilityGlobals) = postSolution
		SolutionGuid = {DB74E58E-C1AC-4B5A-ABDF-5BFD6F089662}
	EndGlobalSection
EndGlobal
