
Microsoft Visual Studio Solution File, Format Version 12.00
# Visual Studio Version 16
VisualStudioVersion = 16.0.33130.400
MinimumVisualStudioVersion = 10.0.40219.1
Project("{FAE04EC0-301F-11D3-BF4B-00C04F79EFBC}") = "Dat6MVC", "Dat6MVC\Dat6MVC.csproj", "{DDF5D1F7-603D-4146-861B-5F54690266A1}"
EndProject
Global
	GlobalSection(SolutionConfigurationPlatforms) = preSolution
		Debug|Any CPU = Debug|Any CPU
		Release|Any CPU = Release|Any CPU
	EndGlobalSection
	GlobalSection(ProjectConfigurationPlatforms) = postSolution
		{DDF5D1F7-603D-4146-861B-5F54690266A1}.Debug|Any CPU.ActiveCfg = Debug|Any CPU
		{DDF5D1F7-603D-4146-861B-5F54690266A1}.Debug|Any CPU.Build.0 = Debug|Any CPU
		{DDF5D1F7-603D-4146-861B-5F54690266A1}.Release|Any CPU.ActiveCfg = Release|Any CPU
		{DDF5D1F7-603D-4146-861B-5F54690266A1}.Release|Any CPU.Build.0 = Release|Any CPU
	EndGlobalSection
	GlobalSection(SolutionProperties) = preSolution
		HideSolutionNode = FALSE
	EndGlobalSection
	GlobalSection(ExtensibilityGlobals) = postSolution
		SolutionGuid = {BC6849CC-6130-4A70-8AA8-66DF0F3C2B72}
	EndGlobalSection
EndGlobal
